// !$*UTF8*$!
{
	archiveVersion = 1;
	classes = {
	};
	objectVersion = 50;
	objects = {

/* Begin PBXBuildFile section */
		2F121AEB2A5A0FF00063A688 /* LaunchScreen.png in Resources */ = {isa = PBXBuildFile; fileRef = 2F121AEA2A5A0FF00063A688 /* LaunchScreen.png */; };
		2F354E7F26721D72005AC917 /* PasteboardService.swift in Sources */ = {isa = PBXBuildFile; fileRef = 2F354E7E26721D72005AC917 /* PasteboardService.swift */; };
		2F42972D2683A9D200D61B79 /* PasteboardServiceTestCase.swift in Sources */ = {isa = PBXBuildFile; fileRef = 2F42972C2683A9D200D61B79 /* PasteboardServiceTestCase.swift */; };
		2F4297312683B0CF00D61B79 /* CityTestCase.swift in Sources */ = {isa = PBXBuildFile; fileRef = 2F4297302683B0CF00D61B79 /* CityTestCase.swift */; };
		2F43E424267F06430050B61C /* CurrencyTestCase.swift in Sources */ = {isa = PBXBuildFile; fileRef = 2F146C60267B97A0000CB25A /* CurrencyTestCase.swift */; };
		2F57451026695B3400667EFD /* CurrencyCalculationCell.swift in Sources */ = {isa = PBXBuildFile; fileRef = 2F57450F26695B3400667EFD /* CurrencyCalculationCell.swift */; };
		2F57451326695BC100667EFD /* ViewHelper.swift in Sources */ = {isa = PBXBuildFile; fileRef = 2F57451226695BC100667EFD /* ViewHelper.swift */; };
		2F5745172669735C00667EFD /* CurrencyService.swift in Sources */ = {isa = PBXBuildFile; fileRef = 2F5745162669735C00667EFD /* CurrencyService.swift */; };
		2F599803265A213700ABC8D1 /* AppDelegate.swift in Sources */ = {isa = PBXBuildFile; fileRef = 2F599802265A213700ABC8D1 /* AppDelegate.swift */; };
		2F599805265A213700ABC8D1 /* SceneDelegate.swift in Sources */ = {isa = PBXBuildFile; fileRef = 2F599804265A213700ABC8D1 /* SceneDelegate.swift */; };
		2F59980A265A213700ABC8D1 /* Main.storyboard in Resources */ = {isa = PBXBuildFile; fileRef = 2F599808265A213700ABC8D1 /* Main.storyboard */; };
		2F59980C265A213900ABC8D1 /* Assets.xcassets in Resources */ = {isa = PBXBuildFile; fileRef = 2F59980B265A213900ABC8D1 /* Assets.xcassets */; };
		2F59980F265A213900ABC8D1 /* LaunchScreen.storyboard in Resources */ = {isa = PBXBuildFile; fileRef = 2F59980D265A213900ABC8D1 /* LaunchScreen.storyboard */; };
		2F599837265A31F400ABC8D1 /* WeatherViewController.swift in Sources */ = {isa = PBXBuildFile; fileRef = 2F599836265A31F400ABC8D1 /* WeatherViewController.swift */; };
		2F599839265A320900ABC8D1 /* TranslationViewController.swift in Sources */ = {isa = PBXBuildFile; fileRef = 2F599838265A320900ABC8D1 /* TranslationViewController.swift */; };
		2F59983B265A644800ABC8D1 /* APIKeys_SAMPLE.plist in Resources */ = {isa = PBXBuildFile; fileRef = 2F59983A265A644800ABC8D1 /* APIKeys_SAMPLE.plist */; };
		2F599840265A7B6D00ABC8D1 /* APIKeys.swift in Sources */ = {isa = PBXBuildFile; fileRef = 2F59983F265A7B6D00ABC8D1 /* APIKeys.swift */; };
		2F599844265AA05F00ABC8D1 /* WeatherService.swift in Sources */ = {isa = PBXBuildFile; fileRef = 2F599843265AA05F00ABC8D1 /* WeatherService.swift */; };
		2F599846265AA07600ABC8D1 /* TranslationService.swift in Sources */ = {isa = PBXBuildFile; fileRef = 2F599845265AA07600ABC8D1 /* TranslationService.swift */; };
		2F599847265AA82500ABC8D1 /* APIKeys.plist in Resources */ = {isa = PBXBuildFile; fileRef = 2F59983E265A7B1300ABC8D1 /* APIKeys.plist */; };
		2F59984B265AAA0900ABC8D1 /* BPNError.swift in Sources */ = {isa = PBXBuildFile; fileRef = 2F59984A265AAA0900ABC8D1 /* BPNError.swift */; };
		2F599852265AAFCB00ABC8D1 /* CurrencyRateHTTPData.swift in Sources */ = {isa = PBXBuildFile; fileRef = 2F599851265AAFCB00ABC8D1 /* CurrencyRateHTTPData.swift */; };
		2F599854265ABA3C00ABC8D1 /* Currency.swift in Sources */ = {isa = PBXBuildFile; fileRef = 2F599853265ABA3C00ABC8D1 /* Currency.swift */; };
		2F599859265BC58400ABC8D1 /* BPNNotifications.swift in Sources */ = {isa = PBXBuildFile; fileRef = 2F599858265BC58400ABC8D1 /* BPNNotifications.swift */; };
		2F59985C265C4B2400ABC8D1 /* FontsFree-Net-SF-Compact-Rounded-Medium.ttf in Resources */ = {isa = PBXBuildFile; fileRef = 2F59985A265C4B2400ABC8D1 /* FontsFree-Net-SF-Compact-Rounded-Medium.ttf */; };
		2F59985D265C4B2400ABC8D1 /* FontsFree-Net-SF-Pro-Rounded-Medium.ttf in Resources */ = {isa = PBXBuildFile; fileRef = 2F59985B265C4B2400ABC8D1 /* FontsFree-Net-SF-Pro-Rounded-Medium.ttf */; };
		2F681BB2266F81E700485DE3 /* CurrencyIOValues .swift in Sources */ = {isa = PBXBuildFile; fileRef = 2F681BB1266F81E700485DE3 /* CurrencyIOValues .swift */; };
		2F6F3A802677AEF6008F252A /* Currency.json in Resources */ = {isa = PBXBuildFile; fileRef = 2F6F3A7F2677AEF6008F252A /* Currency.json */; };
		2F6F3A842677B6B1008F252A /* MockURLProtocol.swift in Sources */ = {isa = PBXBuildFile; fileRef = 2F6F3A832677B6B1008F252A /* MockURLProtocol.swift */; };
		2F761FFD2673E5790029919C /* Haptic.swift in Sources */ = {isa = PBXBuildFile; fileRef = 2F761FFC2673E5790029919C /* Haptic.swift */; };
		2F7620162674ACCF0029919C /* CurrencyServiceTestCase.swift in Sources */ = {isa = PBXBuildFile; fileRef = 2F7620152674ACCF0029919C /* CurrencyServiceTestCase.swift */; };
		2F7D3076266C036F00B8423A /* CurrencyCalculation.swift in Sources */ = {isa = PBXBuildFile; fileRef = 2F7D3075266C036F00B8423A /* CurrencyCalculation.swift */; };
		2F97F66A26821F47002655F4 /* MockPasteboardService.swift in Sources */ = {isa = PBXBuildFile; fileRef = 2F97F66926821F47002655F4 /* MockPasteboardService.swift */; };
		2F9C65F52666BEA4002C767F /* CurrencyViewController.swift in Sources */ = {isa = PBXBuildFile; fileRef = 2F9C65F42666BEA4002C767F /* CurrencyViewController.swift */; };
		2F9C65F82666BFD8002C767F /* CurrencyRateCell.swift in Sources */ = {isa = PBXBuildFile; fileRef = 2F9C65F72666BFD8002C767F /* CurrencyRateCell.swift */; };
		2FAC35BE26905C5D0078A4B0 /* TranslationServiceTestCase.swift in Sources */ = {isa = PBXBuildFile; fileRef = 2FAC35BD26905C5D0078A4B0 /* TranslationServiceTestCase.swift */; };
		2FAC35C02690683A0078A4B0 /* MockTranslationService.swift in Sources */ = {isa = PBXBuildFile; fileRef = 2FAC35BF2690683A0078A4B0 /* MockTranslationService.swift */; };
		2FAC35C226906E050078A4B0 /* MockResponseData.swift in Sources */ = {isa = PBXBuildFile; fileRef = 2FAC35C126906E050078A4B0 /* MockResponseData.swift */; };
		2FAC35C426906ECE0078A4B0 /* Translation.json in Resources */ = {isa = PBXBuildFile; fileRef = 2FAC35C326906ECE0078A4B0 /* Translation.json */; };
		2FAC35C6269102360078A4B0 /* TranslationTestCase.swift in Sources */ = {isa = PBXBuildFile; fileRef = 2FAC35C5269102360078A4B0 /* TranslationTestCase.swift */; };
		2FAC35C826916D110078A4B0 /* MockCurrentDate.swift in Sources */ = {isa = PBXBuildFile; fileRef = 2FAC35C726916D110078A4B0 /* MockCurrentDate.swift */; };
		2FAC35CA269227A10078A4B0 /* WeatherHTTPData.swift in Sources */ = {isa = PBXBuildFile; fileRef = 2FAC35C9269227A10078A4B0 /* WeatherHTTPData.swift */; };
		2FAC35CE269237F60078A4B0 /* Weather.swift in Sources */ = {isa = PBXBuildFile; fileRef = 2FAC35CD269237F60078A4B0 /* Weather.swift */; };
		2FAC35D2269244A90078A4B0 /* MonBaluchonParisNYC.xcdatamodeld in Sources */ = {isa = PBXBuildFile; fileRef = 2FAC35D0269244A90078A4B0 /* MonBaluchonParisNYC.xcdatamodeld */; };
		2FAC35D4269307B50078A4B0 /* CoreDataStorage.swift in Sources */ = {isa = PBXBuildFile; fileRef = 2FAC35D3269307B50078A4B0 /* CoreDataStorage.swift */; };
		2FB5CCC42686CC9F0033F782 /* TranslationRequestHTTPData.swift in Sources */ = {isa = PBXBuildFile; fileRef = 2FB5CCC32686CC9F0033F782 /* TranslationRequestHTTPData.swift */; };
		2FB5CCC62686CEC20033F782 /* TranslationResponseHTTPData.swift in Sources */ = {isa = PBXBuildFile; fileRef = 2FB5CCC52686CEC20033F782 /* TranslationResponseHTTPData.swift */; };
		2FB5CCC82688F0040033F782 /* Translation.swift in Sources */ = {isa = PBXBuildFile; fileRef = 2FB5CCC72688F0040033F782 /* Translation.swift */; };
		2FCBA7882668C7670035F205 /* City.swift in Sources */ = {isa = PBXBuildFile; fileRef = 2FCBA7872668C7670035F205 /* City.swift */; };
		2FCE950026602FB100209B83 /* BPNColors.swift in Sources */ = {isa = PBXBuildFile; fileRef = 2FCE94FF26602FB100209B83 /* BPNColors.swift */; };
		2FE7A9C9267D3ACD005C7079 /* MockUserDefaults.swift in Sources */ = {isa = PBXBuildFile; fileRef = 2FE7A9C8267D3ACD005C7079 /* MockUserDefaults.swift */; };
		2FE7A9CB267E03A8005C7079 /* MockCurrencyService.swift in Sources */ = {isa = PBXBuildFile; fileRef = 2FE7A9CA267E03A8005C7079 /* MockCurrencyService.swift */; };
		2FF61527268B1F3200B94BEF /* TranslationCell.swift in Sources */ = {isa = PBXBuildFile; fileRef = 2FF61526268B1F3200B94BEF /* TranslationCell.swift */; };
		2FF61529268B24E800B94BEF /* TranslationLanguage.swift in Sources */ = {isa = PBXBuildFile; fileRef = 2FF61528268B24E800B94BEF /* TranslationLanguage.swift */; };
		2FF6152B268BCFAE00B94BEF /* CurrentDate.swift in Sources */ = {isa = PBXBuildFile; fileRef = 2FF6152A268BCFAE00B94BEF /* CurrentDate.swift */; };
		2FF6152D268BD26D00B94BEF /* BPNUserDefaultsProtocol.swift in Sources */ = {isa = PBXBuildFile; fileRef = 2FF6152C268BD26D00B94BEF /* BPNUserDefaultsProtocol.swift */; };
		2FFBEC112696223100ACBD10 /* WeatherCell.swift in Sources */ = {isa = PBXBuildFile; fileRef = 2FFBEC102696223100ACBD10 /* WeatherCell.swift */; };
		2FFBEC132696CF7500ACBD10 /* WeatherServiceTestCase.swift in Sources */ = {isa = PBXBuildFile; fileRef = 2FFBEC122696CF7500ACBD10 /* WeatherServiceTestCase.swift */; };
		2FFBEC152696D14300ACBD10 /* Weather.json in Resources */ = {isa = PBXBuildFile; fileRef = 2FFBEC142696D14300ACBD10 /* Weather.json */; };
		2FFBEC172696F2A300ACBD10 /* WeatherTestCase.swift in Sources */ = {isa = PBXBuildFile; fileRef = 2FFBEC162696F2A300ACBD10 /* WeatherTestCase.swift */; };
		2FFBEC192696FBAE00ACBD10 /* MockCoreDataStorage.swift in Sources */ = {isa = PBXBuildFile; fileRef = 2FFBEC182696FBAE00ACBD10 /* MockCoreDataStorage.swift */; };
		2FFBEC1B26970A6B00ACBD10 /* MockWeatherService.swift in Sources */ = {isa = PBXBuildFile; fileRef = 2FFBEC1A26970A6B00ACBD10 /* MockWeatherService.swift */; };
		2FFBEC1D26974F2700ACBD10 /* CoreDataStorageTestCase.swift in Sources */ = {isa = PBXBuildFile; fileRef = 2FFBEC1C26974F2700ACBD10 /* CoreDataStorageTestCase.swift */; };
		2FFBEC1F2699CE5E00ACBD10 /* BPNAlertHelper.swift in Sources */ = {isa = PBXBuildFile; fileRef = 2FFBEC1E2699CE5D00ACBD10 /* BPNAlertHelper.swift */; };
/* End PBXBuildFile section */

/* Begin PBXContainerItemProxy section */
		2F7620182674ACCF0029919C /* PBXContainerItemProxy */ = {
			isa = PBXContainerItemProxy;
			containerPortal = 2F5997F7265A213600ABC8D1 /* Project object */;
			proxyType = 1;
			remoteGlobalIDString = 2F5997FE265A213700ABC8D1;
			remoteInfo = MonBaluchonParisNYC;
		};
/* End PBXContainerItemProxy section */

/* Begin PBXFileReference section */
		2F121AEA2A5A0FF00063A688 /* LaunchScreen.png */ = {isa = PBXFileReference; lastKnownFileType = image.png; name = LaunchScreen.png; path = ../../../LaunchScreen.png; sourceTree = "<group>"; };
		2F146C60267B97A0000CB25A /* CurrencyTestCase.swift */ = {isa = PBXFileReference; lastKnownFileType = sourcecode.swift; path = CurrencyTestCase.swift; sourceTree = "<group>"; };
		2F354E7E26721D72005AC917 /* PasteboardService.swift */ = {isa = PBXFileReference; lastKnownFileType = sourcecode.swift; path = PasteboardService.swift; sourceTree = "<group>"; };
		2F42972C2683A9D200D61B79 /* PasteboardServiceTestCase.swift */ = {isa = PBXFileReference; lastKnownFileType = sourcecode.swift; path = PasteboardServiceTestCase.swift; sourceTree = "<group>"; };
		2F4297302683B0CF00D61B79 /* CityTestCase.swift */ = {isa = PBXFileReference; lastKnownFileType = sourcecode.swift; path = CityTestCase.swift; sourceTree = "<group>"; };
		2F57450F26695B3400667EFD /* CurrencyCalculationCell.swift */ = {isa = PBXFileReference; lastKnownFileType = sourcecode.swift; path = CurrencyCalculationCell.swift; sourceTree = "<group>"; };
		2F57451226695BC100667EFD /* ViewHelper.swift */ = {isa = PBXFileReference; lastKnownFileType = sourcecode.swift; path = ViewHelper.swift; sourceTree = "<group>"; };
		2F5745162669735C00667EFD /* CurrencyService.swift */ = {isa = PBXFileReference; lastKnownFileType = sourcecode.swift; path = CurrencyService.swift; sourceTree = "<group>"; };
		2F5997FF265A213700ABC8D1 /* MonBaluchonParisNYC.app */ = {isa = PBXFileReference; explicitFileType = wrapper.application; includeInIndex = 0; path = MonBaluchonParisNYC.app; sourceTree = BUILT_PRODUCTS_DIR; };
		2F599802265A213700ABC8D1 /* AppDelegate.swift */ = {isa = PBXFileReference; lastKnownFileType = sourcecode.swift; path = AppDelegate.swift; sourceTree = "<group>"; };
		2F599804265A213700ABC8D1 /* SceneDelegate.swift */ = {isa = PBXFileReference; lastKnownFileType = sourcecode.swift; path = SceneDelegate.swift; sourceTree = "<group>"; };
		2F599809265A213700ABC8D1 /* Base */ = {isa = PBXFileReference; lastKnownFileType = file.storyboard; name = Base; path = Base.lproj/Main.storyboard; sourceTree = "<group>"; };
		2F59980B265A213900ABC8D1 /* Assets.xcassets */ = {isa = PBXFileReference; lastKnownFileType = folder.assetcatalog; path = Assets.xcassets; sourceTree = "<group>"; };
		2F59980E265A213900ABC8D1 /* Base */ = {isa = PBXFileReference; lastKnownFileType = file.storyboard; name = Base; path = Base.lproj/LaunchScreen.storyboard; sourceTree = "<group>"; };
		2F599810265A213900ABC8D1 /* Info.plist */ = {isa = PBXFileReference; lastKnownFileType = text.plist.xml; path = Info.plist; sourceTree = "<group>"; };
		2F599836265A31F400ABC8D1 /* WeatherViewController.swift */ = {isa = PBXFileReference; lastKnownFileType = sourcecode.swift; path = WeatherViewController.swift; sourceTree = "<group>"; };
		2F599838265A320900ABC8D1 /* TranslationViewController.swift */ = {isa = PBXFileReference; lastKnownFileType = sourcecode.swift; path = TranslationViewController.swift; sourceTree = "<group>"; };
		2F59983A265A644800ABC8D1 /* APIKeys_SAMPLE.plist */ = {isa = PBXFileReference; lastKnownFileType = text.plist.xml; path = APIKeys_SAMPLE.plist; sourceTree = "<group>"; };
		2F59983E265A7B1300ABC8D1 /* APIKeys.plist */ = {isa = PBXFileReference; lastKnownFileType = text.plist.xml; path = APIKeys.plist; sourceTree = "<group>"; };
		2F59983F265A7B6D00ABC8D1 /* APIKeys.swift */ = {isa = PBXFileReference; lastKnownFileType = sourcecode.swift; path = APIKeys.swift; sourceTree = "<group>"; };
		2F599843265AA05F00ABC8D1 /* WeatherService.swift */ = {isa = PBXFileReference; lastKnownFileType = sourcecode.swift; path = WeatherService.swift; sourceTree = "<group>"; };
		2F599845265AA07600ABC8D1 /* TranslationService.swift */ = {isa = PBXFileReference; lastKnownFileType = sourcecode.swift; path = TranslationService.swift; sourceTree = "<group>"; };
		2F59984A265AAA0900ABC8D1 /* BPNError.swift */ = {isa = PBXFileReference; lastKnownFileType = sourcecode.swift; path = BPNError.swift; sourceTree = "<group>"; };
		2F599851265AAFCB00ABC8D1 /* CurrencyRateHTTPData.swift */ = {isa = PBXFileReference; lastKnownFileType = sourcecode.swift; path = CurrencyRateHTTPData.swift; sourceTree = "<group>"; };
		2F599853265ABA3C00ABC8D1 /* Currency.swift */ = {isa = PBXFileReference; lastKnownFileType = sourcecode.swift; path = Currency.swift; sourceTree = "<group>"; };
		2F599858265BC58400ABC8D1 /* BPNNotifications.swift */ = {isa = PBXFileReference; lastKnownFileType = sourcecode.swift; path = BPNNotifications.swift; sourceTree = "<group>"; };
		2F59985A265C4B2400ABC8D1 /* FontsFree-Net-SF-Compact-Rounded-Medium.ttf */ = {isa = PBXFileReference; lastKnownFileType = file; path = "FontsFree-Net-SF-Compact-Rounded-Medium.ttf"; sourceTree = "<group>"; };
		2F59985B265C4B2400ABC8D1 /* FontsFree-Net-SF-Pro-Rounded-Medium.ttf */ = {isa = PBXFileReference; lastKnownFileType = file; path = "FontsFree-Net-SF-Pro-Rounded-Medium.ttf"; sourceTree = "<group>"; };
		2F681BB1266F81E700485DE3 /* CurrencyIOValues .swift */ = {isa = PBXFileReference; lastKnownFileType = sourcecode.swift; path = "CurrencyIOValues .swift"; sourceTree = "<group>"; };
		2F6F3A7F2677AEF6008F252A /* Currency.json */ = {isa = PBXFileReference; lastKnownFileType = text.json; path = Currency.json; sourceTree = "<group>"; };
		2F6F3A832677B6B1008F252A /* MockURLProtocol.swift */ = {isa = PBXFileReference; lastKnownFileType = sourcecode.swift; path = MockURLProtocol.swift; sourceTree = "<group>"; };
		2F761FFC2673E5790029919C /* Haptic.swift */ = {isa = PBXFileReference; lastKnownFileType = sourcecode.swift; path = Haptic.swift; sourceTree = "<group>"; };
		2F7620132674ACCF0029919C /* MonBaluchonParisNYCTests.xctest */ = {isa = PBXFileReference; explicitFileType = wrapper.cfbundle; includeInIndex = 0; path = MonBaluchonParisNYCTests.xctest; sourceTree = BUILT_PRODUCTS_DIR; };
		2F7620152674ACCF0029919C /* CurrencyServiceTestCase.swift */ = {isa = PBXFileReference; lastKnownFileType = sourcecode.swift; path = CurrencyServiceTestCase.swift; sourceTree = "<group>"; };
		2F7620172674ACCF0029919C /* Info.plist */ = {isa = PBXFileReference; lastKnownFileType = text.plist.xml; path = Info.plist; sourceTree = "<group>"; };
		2F7D3075266C036F00B8423A /* CurrencyCalculation.swift */ = {isa = PBXFileReference; lastKnownFileType = sourcecode.swift; path = CurrencyCalculation.swift; sourceTree = "<group>"; };
		2F97F66926821F47002655F4 /* MockPasteboardService.swift */ = {isa = PBXFileReference; lastKnownFileType = sourcecode.swift; path = MockPasteboardService.swift; sourceTree = "<group>"; };
		2F9C65F42666BEA4002C767F /* CurrencyViewController.swift */ = {isa = PBXFileReference; lastKnownFileType = sourcecode.swift; path = CurrencyViewController.swift; sourceTree = "<group>"; };
		2F9C65F72666BFD8002C767F /* CurrencyRateCell.swift */ = {isa = PBXFileReference; lastKnownFileType = sourcecode.swift; path = CurrencyRateCell.swift; sourceTree = "<group>"; };
		2FAC35BD26905C5D0078A4B0 /* TranslationServiceTestCase.swift */ = {isa = PBXFileReference; lastKnownFileType = sourcecode.swift; path = TranslationServiceTestCase.swift; sourceTree = "<group>"; };
		2FAC35BF2690683A0078A4B0 /* MockTranslationService.swift */ = {isa = PBXFileReference; lastKnownFileType = sourcecode.swift; path = MockTranslationService.swift; sourceTree = "<group>"; };
		2FAC35C126906E050078A4B0 /* MockResponseData.swift */ = {isa = PBXFileReference; lastKnownFileType = sourcecode.swift; path = MockResponseData.swift; sourceTree = "<group>"; };
		2FAC35C326906ECE0078A4B0 /* Translation.json */ = {isa = PBXFileReference; lastKnownFileType = text.json; path = Translation.json; sourceTree = "<group>"; };
		2FAC35C5269102360078A4B0 /* TranslationTestCase.swift */ = {isa = PBXFileReference; lastKnownFileType = sourcecode.swift; path = TranslationTestCase.swift; sourceTree = "<group>"; };
		2FAC35C726916D110078A4B0 /* MockCurrentDate.swift */ = {isa = PBXFileReference; lastKnownFileType = sourcecode.swift; path = MockCurrentDate.swift; sourceTree = "<group>"; };
		2FAC35C9269227A10078A4B0 /* WeatherHTTPData.swift */ = {isa = PBXFileReference; lastKnownFileType = sourcecode.swift; path = WeatherHTTPData.swift; sourceTree = "<group>"; };
		2FAC35CD269237F60078A4B0 /* Weather.swift */ = {isa = PBXFileReference; lastKnownFileType = sourcecode.swift; path = Weather.swift; sourceTree = "<group>"; };
		2FAC35D1269244A90078A4B0 /* MonBaluchonParisNYC.xcdatamodel */ = {isa = PBXFileReference; lastKnownFileType = wrapper.xcdatamodel; path = MonBaluchonParisNYC.xcdatamodel; sourceTree = "<group>"; };
		2FAC35D3269307B50078A4B0 /* CoreDataStorage.swift */ = {isa = PBXFileReference; lastKnownFileType = sourcecode.swift; path = CoreDataStorage.swift; sourceTree = "<group>"; };
		2FB5CCC32686CC9F0033F782 /* TranslationRequestHTTPData.swift */ = {isa = PBXFileReference; lastKnownFileType = sourcecode.swift; path = TranslationRequestHTTPData.swift; sourceTree = "<group>"; };
		2FB5CCC52686CEC20033F782 /* TranslationResponseHTTPData.swift */ = {isa = PBXFileReference; lastKnownFileType = sourcecode.swift; path = TranslationResponseHTTPData.swift; sourceTree = "<group>"; };
		2FB5CCC72688F0040033F782 /* Translation.swift */ = {isa = PBXFileReference; lastKnownFileType = sourcecode.swift; path = Translation.swift; sourceTree = "<group>"; };
		2FCBA7872668C7670035F205 /* City.swift */ = {isa = PBXFileReference; lastKnownFileType = sourcecode.swift; path = City.swift; sourceTree = "<group>"; };
		2FCE94FF26602FB100209B83 /* BPNColors.swift */ = {isa = PBXFileReference; lastKnownFileType = sourcecode.swift; path = BPNColors.swift; sourceTree = "<group>"; };
		2FE7A9C8267D3ACD005C7079 /* MockUserDefaults.swift */ = {isa = PBXFileReference; lastKnownFileType = sourcecode.swift; path = MockUserDefaults.swift; sourceTree = "<group>"; };
		2FE7A9CA267E03A8005C7079 /* MockCurrencyService.swift */ = {isa = PBXFileReference; lastKnownFileType = sourcecode.swift; path = MockCurrencyService.swift; sourceTree = "<group>"; };
		2FF61526268B1F3200B94BEF /* TranslationCell.swift */ = {isa = PBXFileReference; lastKnownFileType = sourcecode.swift; path = TranslationCell.swift; sourceTree = "<group>"; };
		2FF61528268B24E800B94BEF /* TranslationLanguage.swift */ = {isa = PBXFileReference; lastKnownFileType = sourcecode.swift; path = TranslationLanguage.swift; sourceTree = "<group>"; };
		2FF6152A268BCFAE00B94BEF /* CurrentDate.swift */ = {isa = PBXFileReference; lastKnownFileType = sourcecode.swift; path = CurrentDate.swift; sourceTree = "<group>"; };
		2FF6152C268BD26D00B94BEF /* BPNUserDefaultsProtocol.swift */ = {isa = PBXFileReference; lastKnownFileType = sourcecode.swift; path = BPNUserDefaultsProtocol.swift; sourceTree = "<group>"; };
		2FFBEC102696223100ACBD10 /* WeatherCell.swift */ = {isa = PBXFileReference; lastKnownFileType = sourcecode.swift; path = WeatherCell.swift; sourceTree = "<group>"; };
		2FFBEC122696CF7500ACBD10 /* WeatherServiceTestCase.swift */ = {isa = PBXFileReference; lastKnownFileType = sourcecode.swift; path = WeatherServiceTestCase.swift; sourceTree = "<group>"; };
		2FFBEC142696D14300ACBD10 /* Weather.json */ = {isa = PBXFileReference; lastKnownFileType = text.json; path = Weather.json; sourceTree = "<group>"; };
		2FFBEC162696F2A300ACBD10 /* WeatherTestCase.swift */ = {isa = PBXFileReference; lastKnownFileType = sourcecode.swift; path = WeatherTestCase.swift; sourceTree = "<group>"; };
		2FFBEC182696FBAE00ACBD10 /* MockCoreDataStorage.swift */ = {isa = PBXFileReference; lastKnownFileType = sourcecode.swift; path = MockCoreDataStorage.swift; sourceTree = "<group>"; };
		2FFBEC1A26970A6B00ACBD10 /* MockWeatherService.swift */ = {isa = PBXFileReference; lastKnownFileType = sourcecode.swift; path = MockWeatherService.swift; sourceTree = "<group>"; };
		2FFBEC1C26974F2700ACBD10 /* CoreDataStorageTestCase.swift */ = {isa = PBXFileReference; lastKnownFileType = sourcecode.swift; path = CoreDataStorageTestCase.swift; sourceTree = "<group>"; };
		2FFBEC1E2699CE5D00ACBD10 /* BPNAlertHelper.swift */ = {isa = PBXFileReference; lastKnownFileType = sourcecode.swift; path = BPNAlertHelper.swift; sourceTree = "<group>"; };
/* End PBXFileReference section */

/* Begin PBXFrameworksBuildPhase section */
		2F5997FC265A213700ABC8D1 /* Frameworks */ = {
			isa = PBXFrameworksBuildPhase;
			buildActionMask = 2147483647;
			files = (
			);
			runOnlyForDeploymentPostprocessing = 0;
		};
		2F7620102674ACCF0029919C /* Frameworks */ = {
			isa = PBXFrameworksBuildPhase;
			buildActionMask = 2147483647;
			files = (
			);
			runOnlyForDeploymentPostprocessing = 0;
		};
/* End PBXFrameworksBuildPhase section */

/* Begin PBXGroup section */
		2F146C5D267B959A000CB25A /* Services */ = {
			isa = PBXGroup;
			children = (
				2F5745162669735C00667EFD /* CurrencyService.swift */,
				2F599845265AA07600ABC8D1 /* TranslationService.swift */,
				2F599843265AA05F00ABC8D1 /* WeatherService.swift */,
				2F354E7E26721D72005AC917 /* PasteboardService.swift */,
			);
			name = Services;
			path = ../Services;
			sourceTree = "<group>";
		};
		2F146C5E267B95FE000CB25A /* HTTPData */ = {
			isa = PBXGroup;
			children = (
				2F599851265AAFCB00ABC8D1 /* CurrencyRateHTTPData.swift */,
				2FB5CCC32686CC9F0033F782 /* TranslationRequestHTTPData.swift */,
				2FB5CCC52686CEC20033F782 /* TranslationResponseHTTPData.swift */,
				2FAC35C9269227A10078A4B0 /* WeatherHTTPData.swift */,
			);
			path = HTTPData;
			sourceTree = "<group>";
		};
		2F146C5F267B9728000CB25A /* Mocks */ = {
			isa = PBXGroup;
			children = (
				2FE7A9CA267E03A8005C7079 /* MockCurrencyService.swift */,
				2FAC35BF2690683A0078A4B0 /* MockTranslationService.swift */,
				2FFBEC1A26970A6B00ACBD10 /* MockWeatherService.swift */,
				2FFBEC182696FBAE00ACBD10 /* MockCoreDataStorage.swift */,
				2F6F3A832677B6B1008F252A /* MockURLProtocol.swift */,
				2FAC35C726916D110078A4B0 /* MockCurrentDate.swift */,
				2FAC35C126906E050078A4B0 /* MockResponseData.swift */,
				2FE7A9C8267D3ACD005C7079 /* MockUserDefaults.swift */,
				2F97F66926821F47002655F4 /* MockPasteboardService.swift */,
				2F6F3A7F2677AEF6008F252A /* Currency.json */,
				2FAC35C326906ECE0078A4B0 /* Translation.json */,
				2FFBEC142696D14300ACBD10 /* Weather.json */,
			);
			path = Mocks;
			sourceTree = "<group>";
		};
		2F57451126695B6D00667EFD /* ViewHelpers */ = {
			isa = PBXGroup;
			children = (
				2FCE94FF26602FB100209B83 /* BPNColors.swift */,
				2F761FFC2673E5790029919C /* Haptic.swift */,
				2F57451226695BC100667EFD /* ViewHelper.swift */,
				2FFBEC1E2699CE5D00ACBD10 /* BPNAlertHelper.swift */,
			);
			path = ViewHelpers;
			sourceTree = "<group>";
		};
		2F5997F6265A213600ABC8D1 = {
			isa = PBXGroup;
			children = (
				2F599801265A213700ABC8D1 /* MonBaluchonParisNYC */,
				2F7620142674ACCF0029919C /* MonBaluchonParisNYCTests */,
				2F599800265A213700ABC8D1 /* Products */,
			);
			sourceTree = "<group>";
		};
		2F599800265A213700ABC8D1 /* Products */ = {
			isa = PBXGroup;
			children = (
				2F5997FF265A213700ABC8D1 /* MonBaluchonParisNYC.app */,
				2F7620132674ACCF0029919C /* MonBaluchonParisNYCTests.xctest */,
			);
			name = Products;
			sourceTree = "<group>";
		};
		2F599801265A213700ABC8D1 /* MonBaluchonParisNYC */ = {
			isa = PBXGroup;
			children = (
				2F599832265A216B00ABC8D1 /* Model */,
				2F599833265A217C00ABC8D1 /* View */,
				2F599834265A218700ABC8D1 /* Controller */,
				2F599835265A21AD00ABC8D1 /* SupportingFiles */,
			);
			path = MonBaluchonParisNYC;
			sourceTree = "<group>";
		};
		2F599832265A216B00ABC8D1 /* Model */ = {
			isa = PBXGroup;
			children = (
				2F599853265ABA3C00ABC8D1 /* Currency.swift */,
				2FB5CCC72688F0040033F782 /* Translation.swift */,
				2FAC35CD269237F60078A4B0 /* Weather.swift */,
				2FAC35CF269244070078A4B0 /* CoreData */,
				2F146C5E267B95FE000CB25A /* HTTPData */,
				2F146C5D267B959A000CB25A /* Services */,
				2FCBA7862668C73B0035F205 /* Types */,
				2F599849265AA9B400ABC8D1 /* ErrorsAndNotifications */,
			);
			path = Model;
			sourceTree = "<group>";
		};
		2F599833265A217C00ABC8D1 /* View */ = {
			isa = PBXGroup;
			children = (
				2F599808265A213700ABC8D1 /* Main.storyboard */,
				2FF61525268B1ECD00B94BEF /* Cells */,
				2F57451126695B6D00667EFD /* ViewHelpers */,
			);
			path = View;
			sourceTree = "<group>";
		};
		2F599834265A218700ABC8D1 /* Controller */ = {
			isa = PBXGroup;
			children = (
				2F9C65F42666BEA4002C767F /* CurrencyViewController.swift */,
				2F599838265A320900ABC8D1 /* TranslationViewController.swift */,
				2F599836265A31F400ABC8D1 /* WeatherViewController.swift */,
			);
			path = Controller;
			sourceTree = "<group>";
		};
		2F599835265A21AD00ABC8D1 /* SupportingFiles */ = {
			isa = PBXGroup;
			children = (
				2F599802265A213700ABC8D1 /* AppDelegate.swift */,
				2F599804265A213700ABC8D1 /* SceneDelegate.swift */,
				2F59980B265A213900ABC8D1 /* Assets.xcassets */,
				2F59980D265A213900ABC8D1 /* LaunchScreen.storyboard */,
				2F121AEA2A5A0FF00063A688 /* LaunchScreen.png */,
				2F599810265A213900ABC8D1 /* Info.plist */,
				2F59983A265A644800ABC8D1 /* APIKeys_SAMPLE.plist */,
				2F59983E265A7B1300ABC8D1 /* APIKeys.plist */,
				2F59983F265A7B6D00ABC8D1 /* APIKeys.swift */,
				2F599855265BA17000ABC8D1 /* Fonts */,
			);
			name = SupportingFiles;
			path = MonBaluchonParisNYC/SupportingFiles;
			sourceTree = SOURCE_ROOT;
		};
		2F599849265AA9B400ABC8D1 /* ErrorsAndNotifications */ = {
			isa = PBXGroup;
			children = (
				2F59984A265AAA0900ABC8D1 /* BPNError.swift */,
				2F599858265BC58400ABC8D1 /* BPNNotifications.swift */,
			);
			path = ErrorsAndNotifications;
			sourceTree = "<group>";
		};
		2F599855265BA17000ABC8D1 /* Fonts */ = {
			isa = PBXGroup;
			children = (
				2F59985A265C4B2400ABC8D1 /* FontsFree-Net-SF-Compact-Rounded-Medium.ttf */,
				2F59985B265C4B2400ABC8D1 /* FontsFree-Net-SF-Pro-Rounded-Medium.ttf */,
			);
			path = Fonts;
			sourceTree = "<group>";
		};
		2F7620142674ACCF0029919C /* MonBaluchonParisNYCTests */ = {
			isa = PBXGroup;
			children = (
				2F7620152674ACCF0029919C /* CurrencyServiceTestCase.swift */,
				2F146C60267B97A0000CB25A /* CurrencyTestCase.swift */,
				2FAC35BD26905C5D0078A4B0 /* TranslationServiceTestCase.swift */,
				2FAC35C5269102360078A4B0 /* TranslationTestCase.swift */,
				2FFBEC122696CF7500ACBD10 /* WeatherServiceTestCase.swift */,
				2FFBEC162696F2A300ACBD10 /* WeatherTestCase.swift */,
				2F4297302683B0CF00D61B79 /* CityTestCase.swift */,
				2F42972C2683A9D200D61B79 /* PasteboardServiceTestCase.swift */,
				2FFBEC1C26974F2700ACBD10 /* CoreDataStorageTestCase.swift */,
				2F146C5F267B9728000CB25A /* Mocks */,
				2F7620172674ACCF0029919C /* Info.plist */,
			);
			path = MonBaluchonParisNYCTests;
			sourceTree = "<group>";
		};
		2FAC35CF269244070078A4B0 /* CoreData */ = {
			isa = PBXGroup;
			children = (
				2FAC35D0269244A90078A4B0 /* MonBaluchonParisNYC.xcdatamodeld */,
				2FAC35D3269307B50078A4B0 /* CoreDataStorage.swift */,
			);
			path = CoreData;
			sourceTree = "<group>";
		};
		2FCBA7862668C73B0035F205 /* Types */ = {
			isa = PBXGroup;
			children = (
				2F681BB1266F81E700485DE3 /* CurrencyIOValues .swift */,
				2FCBA7872668C7670035F205 /* City.swift */,
				2FF61528268B24E800B94BEF /* TranslationLanguage.swift */,
				2F7D3075266C036F00B8423A /* CurrencyCalculation.swift */,
				2FF6152C268BD26D00B94BEF /* BPNUserDefaultsProtocol.swift */,
				2FF6152A268BCFAE00B94BEF /* CurrentDate.swift */,
			);
			path = Types;
			sourceTree = "<group>";
		};
		2FF61525268B1ECD00B94BEF /* Cells */ = {
			isa = PBXGroup;
			children = (
				2F9C65F72666BFD8002C767F /* CurrencyRateCell.swift */,
				2F57450F26695B3400667EFD /* CurrencyCalculationCell.swift */,
				2FF61526268B1F3200B94BEF /* TranslationCell.swift */,
				2FFBEC102696223100ACBD10 /* WeatherCell.swift */,
			);
			path = Cells;
			sourceTree = "<group>";
		};
/* End PBXGroup section */

/* Begin PBXNativeTarget section */
		2F5997FE265A213700ABC8D1 /* MonBaluchonParisNYC */ = {
			isa = PBXNativeTarget;
			buildConfigurationList = 2F599829265A213900ABC8D1 /* Build configuration list for PBXNativeTarget "MonBaluchonParisNYC" */;
			buildPhases = (
				2F5997FB265A213700ABC8D1 /* Sources */,
				2F5997FC265A213700ABC8D1 /* Frameworks */,
				2F5997FD265A213700ABC8D1 /* Resources */,
			);
			buildRules = (
			);
			dependencies = (
			);
			name = MonBaluchonParisNYC;
			packageProductDependencies = (
			);
			productName = LeBaluchon;
			productReference = 2F5997FF265A213700ABC8D1 /* MonBaluchonParisNYC.app */;
			productType = "com.apple.product-type.application";
		};
		2F7620122674ACCF0029919C /* MonBaluchonParisNYCTests */ = {
			isa = PBXNativeTarget;
			buildConfigurationList = 2F76201A2674ACCF0029919C /* Build configuration list for PBXNativeTarget "MonBaluchonParisNYCTests" */;
			buildPhases = (
				2F76200F2674ACCF0029919C /* Sources */,
				2F7620102674ACCF0029919C /* Frameworks */,
				2F7620112674ACCF0029919C /* Resources */,
			);
			buildRules = (
			);
			dependencies = (
				2F7620192674ACCF0029919C /* PBXTargetDependency */,
			);
			name = MonBaluchonParisNYCTests;
			productName = MonBaluchonParisNYCTests;
			productReference = 2F7620132674ACCF0029919C /* MonBaluchonParisNYCTests.xctest */;
			productType = "com.apple.product-type.bundle.unit-test";
		};
/* End PBXNativeTarget section */

/* Begin PBXProject section */
		2F5997F7265A213600ABC8D1 /* Project object */ = {
			isa = PBXProject;
			attributes = {
				LastSwiftUpdateCheck = 1250;
				LastUpgradeCheck = 1250;
				TargetAttributes = {
					2F5997FE265A213700ABC8D1 = {
						CreatedOnToolsVersion = 12.5;
					};
					2F7620122674ACCF0029919C = {
						CreatedOnToolsVersion = 12.5;
						TestTargetID = 2F5997FE265A213700ABC8D1;
					};
				};
			};
			buildConfigurationList = 2F5997FA265A213600ABC8D1 /* Build configuration list for PBXProject "MonBaluchonParisNYC" */;
			compatibilityVersion = "Xcode 9.3";
			developmentRegion = en;
			hasScannedForEncodings = 0;
			knownRegions = (
				en,
				Base,
			);
			mainGroup = 2F5997F6265A213600ABC8D1;
			packageReferences = (
			);
			productRefGroup = 2F599800265A213700ABC8D1 /* Products */;
			projectDirPath = "";
			projectRoot = "";
			targets = (
				2F5997FE265A213700ABC8D1 /* MonBaluchonParisNYC */,
				2F7620122674ACCF0029919C /* MonBaluchonParisNYCTests */,
			);
		};
/* End PBXProject section */

/* Begin PBXResourcesBuildPhase section */
		2F5997FD265A213700ABC8D1 /* Resources */ = {
			isa = PBXResourcesBuildPhase;
			buildActionMask = 2147483647;
			files = (
				2F59980F265A213900ABC8D1 /* LaunchScreen.storyboard in Resources */,
				2F599847265AA82500ABC8D1 /* APIKeys.plist in Resources */,
				2F59983B265A644800ABC8D1 /* APIKeys_SAMPLE.plist in Resources */,
				2F59985D265C4B2400ABC8D1 /* FontsFree-Net-SF-Pro-Rounded-Medium.ttf in Resources */,
				2F59980C265A213900ABC8D1 /* Assets.xcassets in Resources */,
				2F59980A265A213700ABC8D1 /* Main.storyboard in Resources */,
				2F121AEB2A5A0FF00063A688 /* LaunchScreen.png in Resources */,
				2F59985C265C4B2400ABC8D1 /* FontsFree-Net-SF-Compact-Rounded-Medium.ttf in Resources */,
			);
			runOnlyForDeploymentPostprocessing = 0;
		};
		2F7620112674ACCF0029919C /* Resources */ = {
			isa = PBXResourcesBuildPhase;
			buildActionMask = 2147483647;
			files = (
				2F6F3A802677AEF6008F252A /* Currency.json in Resources */,
				2FFBEC152696D14300ACBD10 /* Weather.json in Resources */,
				2FAC35C426906ECE0078A4B0 /* Translation.json in Resources */,
			);
			runOnlyForDeploymentPostprocessing = 0;
		};
/* End PBXResourcesBuildPhase section */

/* Begin PBXSourcesBuildPhase section */
		2F5997FB265A213700ABC8D1 /* Sources */ = {
			isa = PBXSourcesBuildPhase;
			buildActionMask = 2147483647;
			files = (
				2FF61527268B1F3200B94BEF /* TranslationCell.swift in Sources */,
				2F761FFD2673E5790029919C /* Haptic.swift in Sources */,
				2F599844265AA05F00ABC8D1 /* WeatherService.swift in Sources */,
				2F59984B265AAA0900ABC8D1 /* BPNError.swift in Sources */,
				2F599840265A7B6D00ABC8D1 /* APIKeys.swift in Sources */,
				2F599854265ABA3C00ABC8D1 /* Currency.swift in Sources */,
				2FAC35CA269227A10078A4B0 /* WeatherHTTPData.swift in Sources */,
				2FB5CCC82688F0040033F782 /* Translation.swift in Sources */,
				2FCE950026602FB100209B83 /* BPNColors.swift in Sources */,
				2F599852265AAFCB00ABC8D1 /* CurrencyRateHTTPData.swift in Sources */,
				2FF6152B268BCFAE00B94BEF /* CurrentDate.swift in Sources */,
				2F57451026695B3400667EFD /* CurrencyCalculationCell.swift in Sources */,
				2F681BB2266F81E700485DE3 /* CurrencyIOValues .swift in Sources */,
				2FFBEC1F2699CE5E00ACBD10 /* BPNAlertHelper.swift in Sources */,
				2F7D3076266C036F00B8423A /* CurrencyCalculation.swift in Sources */,
				2FB5CCC42686CC9F0033F782 /* TranslationRequestHTTPData.swift in Sources */,
				2FAC35D2269244A90078A4B0 /* MonBaluchonParisNYC.xcdatamodeld in Sources */,
				2F599837265A31F400ABC8D1 /* WeatherViewController.swift in Sources */,
				2F354E7F26721D72005AC917 /* PasteboardService.swift in Sources */,
				2F599803265A213700ABC8D1 /* AppDelegate.swift in Sources */,
				2F9C65F52666BEA4002C767F /* CurrencyViewController.swift in Sources */,
				2FF61529268B24E800B94BEF /* TranslationLanguage.swift in Sources */,
				2F5745172669735C00667EFD /* CurrencyService.swift in Sources */,
				2F599846265AA07600ABC8D1 /* TranslationService.swift in Sources */,
				2FB5CCC62686CEC20033F782 /* TranslationResponseHTTPData.swift in Sources */,
				2F599805265A213700ABC8D1 /* SceneDelegate.swift in Sources */,
				2FAC35CE269237F60078A4B0 /* Weather.swift in Sources */,
				2F9C65F82666BFD8002C767F /* CurrencyRateCell.swift in Sources */,
				2FFBEC112696223100ACBD10 /* WeatherCell.swift in Sources */,
				2FAC35D4269307B50078A4B0 /* CoreDataStorage.swift in Sources */,
				2F599859265BC58400ABC8D1 /* BPNNotifications.swift in Sources */,
				2F57451326695BC100667EFD /* ViewHelper.swift in Sources */,
				2FCBA7882668C7670035F205 /* City.swift in Sources */,
				2F599839265A320900ABC8D1 /* TranslationViewController.swift in Sources */,
				2FF6152D268BD26D00B94BEF /* BPNUserDefaultsProtocol.swift in Sources */,
			);
			runOnlyForDeploymentPostprocessing = 0;
		};
		2F76200F2674ACCF0029919C /* Sources */ = {
			isa = PBXSourcesBuildPhase;
			buildActionMask = 2147483647;
			files = (
				2F43E424267F06430050B61C /* CurrencyTestCase.swift in Sources */,
				2F4297312683B0CF00D61B79 /* CityTestCase.swift in Sources */,
				2FAC35BE26905C5D0078A4B0 /* TranslationServiceTestCase.swift in Sources */,
				2FAC35C226906E050078A4B0 /* MockResponseData.swift in Sources */,
				2FFBEC172696F2A300ACBD10 /* WeatherTestCase.swift in Sources */,
				2FFBEC132696CF7500ACBD10 /* WeatherServiceTestCase.swift in Sources */,
				2FFBEC192696FBAE00ACBD10 /* MockCoreDataStorage.swift in Sources */,
				2F7620162674ACCF0029919C /* CurrencyServiceTestCase.swift in Sources */,
				2FFBEC1D26974F2700ACBD10 /* CoreDataStorageTestCase.swift in Sources */,
				2FE7A9C9267D3ACD005C7079 /* MockUserDefaults.swift in Sources */,
				2F97F66A26821F47002655F4 /* MockPasteboardService.swift in Sources */,
				2F42972D2683A9D200D61B79 /* PasteboardServiceTestCase.swift in Sources */,
				2FAC35C02690683A0078A4B0 /* MockTranslationService.swift in Sources */,
				2F6F3A842677B6B1008F252A /* MockURLProtocol.swift in Sources */,
				2FFBEC1B26970A6B00ACBD10 /* MockWeatherService.swift in Sources */,
				2FAC35C826916D110078A4B0 /* MockCurrentDate.swift in Sources */,
				2FE7A9CB267E03A8005C7079 /* MockCurrencyService.swift in Sources */,
				2FAC35C6269102360078A4B0 /* TranslationTestCase.swift in Sources */,
			);
			runOnlyForDeploymentPostprocessing = 0;
		};
/* End PBXSourcesBuildPhase section */

/* Begin PBXTargetDependency section */
		2F7620192674ACCF0029919C /* PBXTargetDependency */ = {
			isa = PBXTargetDependency;
			target = 2F5997FE265A213700ABC8D1 /* MonBaluchonParisNYC */;
			targetProxy = 2F7620182674ACCF0029919C /* PBXContainerItemProxy */;
		};
/* End PBXTargetDependency section */

/* Begin PBXVariantGroup section */
		2F599808265A213700ABC8D1 /* Main.storyboard */ = {
			isa = PBXVariantGroup;
			children = (
				2F599809265A213700ABC8D1 /* Base */,
			);
			name = Main.storyboard;
			sourceTree = "<group>";
		};
		2F59980D265A213900ABC8D1 /* LaunchScreen.storyboard */ = {
			isa = PBXVariantGroup;
			children = (
				2F59980E265A213900ABC8D1 /* Base */,
			);
			name = LaunchScreen.storyboard;
			sourceTree = "<group>";
		};
/* End PBXVariantGroup section */

/* Begin XCBuildConfiguration section */
		2F599827265A213900ABC8D1 /* Debug */ = {
			isa = XCBuildConfiguration;
			buildSettings = {
				ALWAYS_SEARCH_USER_PATHS = NO;
				CLANG_ANALYZER_NONNULL = YES;
				CLANG_ANALYZER_NUMBER_OBJECT_CONVERSION = YES_AGGRESSIVE;
				CLANG_CXX_LANGUAGE_STANDARD = "gnu++14";
				CLANG_CXX_LIBRARY = "libc++";
				CLANG_ENABLE_MODULES = YES;
				CLANG_ENABLE_OBJC_ARC = YES;
				CLANG_ENABLE_OBJC_WEAK = YES;
				CLANG_WARN_BLOCK_CAPTURE_AUTORELEASING = YES;
				CLANG_WARN_BOOL_CONVERSION = YES;
				CLANG_WARN_COMMA = YES;
				CLANG_WARN_CONSTANT_CONVERSION = YES;
				CLANG_WARN_DEPRECATED_OBJC_IMPLEMENTATIONS = YES;
				CLANG_WARN_DIRECT_OBJC_ISA_USAGE = YES_ERROR;
				CLANG_WARN_DOCUMENTATION_COMMENTS = YES;
				CLANG_WARN_EMPTY_BODY = YES;
				CLANG_WARN_ENUM_CONVERSION = YES;
				CLANG_WARN_INFINITE_RECURSION = YES;
				CLANG_WARN_INT_CONVERSION = YES;
				CLANG_WARN_NON_LITERAL_NULL_CONVERSION = YES;
				CLANG_WARN_OBJC_IMPLICIT_RETAIN_SELF = YES;
				CLANG_WARN_OBJC_LITERAL_CONVERSION = YES;
				CLANG_WARN_OBJC_ROOT_CLASS = YES_ERROR;
				CLANG_WARN_QUOTED_INCLUDE_IN_FRAMEWORK_HEADER = YES;
				CLANG_WARN_RANGE_LOOP_ANALYSIS = YES;
				CLANG_WARN_STRICT_PROTOTYPES = YES;
				CLANG_WARN_SUSPICIOUS_MOVE = YES;
				CLANG_WARN_UNGUARDED_AVAILABILITY = YES_AGGRESSIVE;
				CLANG_WARN_UNREACHABLE_CODE = YES;
				CLANG_WARN__DUPLICATE_METHOD_MATCH = YES;
				COPY_PHASE_STRIP = NO;
				DEBUG_INFORMATION_FORMAT = dwarf;
				ENABLE_STRICT_OBJC_MSGSEND = YES;
				ENABLE_TESTABILITY = YES;
				GCC_C_LANGUAGE_STANDARD = gnu11;
				GCC_DYNAMIC_NO_PIC = NO;
				GCC_NO_COMMON_BLOCKS = YES;
				GCC_OPTIMIZATION_LEVEL = 0;
				GCC_PREPROCESSOR_DEFINITIONS = (
					"DEBUG=1",
					"$(inherited)",
				);
				GCC_WARN_64_TO_32_BIT_CONVERSION = YES;
				GCC_WARN_ABOUT_RETURN_TYPE = YES_ERROR;
				GCC_WARN_UNDECLARED_SELECTOR = YES;
				GCC_WARN_UNINITIALIZED_AUTOS = YES_AGGRESSIVE;
				GCC_WARN_UNUSED_FUNCTION = YES;
				GCC_WARN_UNUSED_VARIABLE = YES;
				IPHONEOS_DEPLOYMENT_TARGET = 11.0;
				MTL_ENABLE_DEBUG_INFO = INCLUDE_SOURCE;
				MTL_FAST_MATH = YES;
				ONLY_ACTIVE_ARCH = YES;
				SDKROOT = iphoneos;
				SWIFT_ACTIVE_COMPILATION_CONDITIONS = DEBUG;
				SWIFT_OPTIMIZATION_LEVEL = "-Onone";
			};
			name = Debug;
		};
		2F599828265A213900ABC8D1 /* Release */ = {
			isa = XCBuildConfiguration;
			buildSettings = {
				ALWAYS_SEARCH_USER_PATHS = NO;
				CLANG_ANALYZER_NONNULL = YES;
				CLANG_ANALYZER_NUMBER_OBJECT_CONVERSION = YES_AGGRESSIVE;
				CLANG_CXX_LANGUAGE_STANDARD = "gnu++14";
				CLANG_CXX_LIBRARY = "libc++";
				CLANG_ENABLE_MODULES = YES;
				CLANG_ENABLE_OBJC_ARC = YES;
				CLANG_ENABLE_OBJC_WEAK = YES;
				CLANG_WARN_BLOCK_CAPTURE_AUTORELEASING = YES;
				CLANG_WARN_BOOL_CONVERSION = YES;
				CLANG_WARN_COMMA = YES;
				CLANG_WARN_CONSTANT_CONVERSION = YES;
				CLANG_WARN_DEPRECATED_OBJC_IMPLEMENTATIONS = YES;
				CLANG_WARN_DIRECT_OBJC_ISA_USAGE = YES_ERROR;
				CLANG_WARN_DOCUMENTATION_COMMENTS = YES;
				CLANG_WARN_EMPTY_BODY = YES;
				CLANG_WARN_ENUM_CONVERSION = YES;
				CLANG_WARN_INFINITE_RECURSION = YES;
				CLANG_WARN_INT_CONVERSION = YES;
				CLANG_WARN_NON_LITERAL_NULL_CONVERSION = YES;
				CLANG_WARN_OBJC_IMPLICIT_RETAIN_SELF = YES;
				CLANG_WARN_OBJC_LITERAL_CONVERSION = YES;
				CLANG_WARN_OBJC_ROOT_CLASS = YES_ERROR;
				CLANG_WARN_QUOTED_INCLUDE_IN_FRAMEWORK_HEADER = YES;
				CLANG_WARN_RANGE_LOOP_ANALYSIS = YES;
				CLANG_WARN_STRICT_PROTOTYPES = YES;
				CLANG_WARN_SUSPICIOUS_MOVE = YES;
				CLANG_WARN_UNGUARDED_AVAILABILITY = YES_AGGRESSIVE;
				CLANG_WARN_UNREACHABLE_CODE = YES;
				CLANG_WARN__DUPLICATE_METHOD_MATCH = YES;
				COPY_PHASE_STRIP = NO;
				DEBUG_INFORMATION_FORMAT = "dwarf-with-dsym";
				ENABLE_NS_ASSERTIONS = NO;
				ENABLE_STRICT_OBJC_MSGSEND = YES;
				GCC_C_LANGUAGE_STANDARD = gnu11;
				GCC_NO_COMMON_BLOCKS = YES;
				GCC_WARN_64_TO_32_BIT_CONVERSION = YES;
				GCC_WARN_ABOUT_RETURN_TYPE = YES_ERROR;
				GCC_WARN_UNDECLARED_SELECTOR = YES;
				GCC_WARN_UNINITIALIZED_AUTOS = YES_AGGRESSIVE;
				GCC_WARN_UNUSED_FUNCTION = YES;
				GCC_WARN_UNUSED_VARIABLE = YES;
				IPHONEOS_DEPLOYMENT_TARGET = 11.0;
				MTL_ENABLE_DEBUG_INFO = NO;
				MTL_FAST_MATH = YES;
				SDKROOT = iphoneos;
				SWIFT_COMPILATION_MODE = wholemodule;
				SWIFT_OPTIMIZATION_LEVEL = "-O";
				VALIDATE_PRODUCT = YES;
			};
			name = Release;
		};
		2F59982A265A213900ABC8D1 /* Debug */ = {
			isa = XCBuildConfiguration;
			buildSettings = {
				ALWAYS_EMBED_SWIFT_STANDARD_LIBRARIES = NO;
				ASSETCATALOG_COMPILER_APPICON_NAME = AppIcon;
				ASSETCATALOG_COMPILER_GLOBAL_ACCENT_COLOR_NAME = AccentColor;
				CODE_SIGN_STYLE = Automatic;
				DEVELOPMENT_TEAM = 7A5894W984;
				INFOPLIST_FILE = "$(SRCROOT)/MonBaluchonParisNYC/SupportingFiles/Info.plist";
				LD_RUNPATH_SEARCH_PATHS = (
					"$(inherited)",
					"@executable_path/Frameworks",
				);
				PRODUCT_BUNDLE_IDENTIFIER = design.120.MonBaluchonParisNYC;
				PRODUCT_NAME = "$(TARGET_NAME)";
				SWIFT_VERSION = 5.0;
				TARGETED_DEVICE_FAMILY = 1;
			};
			name = Debug;
		};
		2F59982B265A213900ABC8D1 /* Release */ = {
			isa = XCBuildConfiguration;
			buildSettings = {
				ALWAYS_EMBED_SWIFT_STANDARD_LIBRARIES = NO;
				ASSETCATALOG_COMPILER_APPICON_NAME = AppIcon;
				ASSETCATALOG_COMPILER_GLOBAL_ACCENT_COLOR_NAME = AccentColor;
				CODE_SIGN_STYLE = Automatic;
				DEVELOPMENT_TEAM = 7A5894W984;
				INFOPLIST_FILE = "$(SRCROOT)/MonBaluchonParisNYC/SupportingFiles/Info.plist";
				LD_RUNPATH_SEARCH_PATHS = (
					"$(inherited)",
					"@executable_path/Frameworks",
				);
				PRODUCT_BUNDLE_IDENTIFIER = design.120.MonBaluchonParisNYC;
				PRODUCT_NAME = "$(TARGET_NAME)";
				SWIFT_VERSION = 5.0;
				TARGETED_DEVICE_FAMILY = 1;
			};
			name = Release;
		};
		2F76201B2674ACCF0029919C /* Debug */ = {
			isa = XCBuildConfiguration;
			buildSettings = {
				BUNDLE_LOADER = "$(TEST_HOST)";
				CODE_SIGN_STYLE = Automatic;
				DEVELOPMENT_TEAM = 7A5894W984;
				INFOPLIST_FILE = MonBaluchonParisNYCTests/Info.plist;
				IPHONEOS_DEPLOYMENT_TARGET = 11.0;
				LD_RUNPATH_SEARCH_PATHS = (
					"$(inherited)",
					"@executable_path/Frameworks",
					"@loader_path/Frameworks",
				);
				PRODUCT_BUNDLE_IDENTIFIER = design.120.MonBaluchonParisNYCTests;
				PRODUCT_NAME = "$(TARGET_NAME)";
				SWIFT_VERSION = 5.0;
				TARGETED_DEVICE_FAMILY = "1,2";
				TEST_HOST = "$(BUILT_PRODUCTS_DIR)/MonBaluchonParisNYC.app/MonBaluchonParisNYC";
			};
			name = Debug;
		};
		2F76201C2674ACCF0029919C /* Release */ = {
			isa = XCBuildConfiguration;
			buildSettings = {
				BUNDLE_LOADER = "$(TEST_HOST)";
				CODE_SIGN_STYLE = Automatic;
				DEVELOPMENT_TEAM = 7A5894W984;
				INFOPLIST_FILE = MonBaluchonParisNYCTests/Info.plist;
				IPHONEOS_DEPLOYMENT_TARGET = 11.0;
				LD_RUNPATH_SEARCH_PATHS = (
					"$(inherited)",
					"@executable_path/Frameworks",
					"@loader_path/Frameworks",
				);
				PRODUCT_BUNDLE_IDENTIFIER = design.120.MonBaluchonParisNYCTests;
				PRODUCT_NAME = "$(TARGET_NAME)";
				SWIFT_VERSION = 5.0;
				TARGETED_DEVICE_FAMILY = "1,2";
				TEST_HOST = "$(BUILT_PRODUCTS_DIR)/MonBaluchonParisNYC.app/MonBaluchonParisNYC";
			};
			name = Release;
		};
/* End XCBuildConfiguration section */

/* Begin XCConfigurationList section */
		2F5997FA265A213600ABC8D1 /* Build configuration list for PBXProject "MonBaluchonParisNYC" */ = {
			isa = XCConfigurationList;
			buildConfigurations = (
				2F599827265A213900ABC8D1 /* Debug */,
				2F599828265A213900ABC8D1 /* Release */,
			);
			defaultConfigurationIsVisible = 0;
			defaultConfigurationName = Release;
		};
		2F599829265A213900ABC8D1 /* Build configuration list for PBXNativeTarget "MonBaluchonParisNYC" */ = {
			isa = XCConfigurationList;
			buildConfigurations = (
				2F59982A265A213900ABC8D1 /* Debug */,
				2F59982B265A213900ABC8D1 /* Release */,
			);
			defaultConfigurationIsVisible = 0;
			defaultConfigurationName = Release;
		};
		2F76201A2674ACCF0029919C /* Build configuration list for PBXNativeTarget "MonBaluchonParisNYCTests" */ = {
			isa = XCConfigurationList;
			buildConfigurations = (
				2F76201B2674ACCF0029919C /* Debug */,
				2F76201C2674ACCF0029919C /* Release */,
			);
			defaultConfigurationIsVisible = 0;
			defaultConfigurationName = Release;
		};
/* End XCConfigurationList section */

/* Begin XCVersionGroup section */
		2FAC35D0269244A90078A4B0 /* MonBaluchonParisNYC.xcdatamodeld */ = {
			isa = XCVersionGroup;
			children = (
				2FAC35D1269244A90078A4B0 /* MonBaluchonParisNYC.xcdatamodel */,
			);
			currentVersion = 2FAC35D1269244A90078A4B0 /* MonBaluchonParisNYC.xcdatamodel */;
			path = MonBaluchonParisNYC.xcdatamodeld;
			sourceTree = "<group>";
			versionGroupType = wrapper.xcdatamodel;
		};
/* End XCVersionGroup section */
	};
	rootObject = 2F5997F7265A213600ABC8D1 /* Project object */;
}
